
Microsoft Visual Studio Solution File, Format Version 12.00
# Visual Studio 2013
VisualStudioVersion = 12.0.21005.1
MinimumVisualStudioVersion = 10.0.40219.1
Project("{FAE04EC0-301F-11D3-BF4B-00C04F79EFBC}") = "JoshCodes.Web.Testing.Unit", "JoshCodes.Web.Testing.Unit\JoshCodes.Web.Testing.Unit.csproj", "{E48A1411-C78F-4878-BA9B-26895EC79DC3}"
EndProject
Project("{FAE04EC0-301F-11D3-BF4B-00C04F79EFBC}") = "JoshCodes.Web", "JoshCodes.Web\JoshCodes.Web.csproj", "{8FF63D20-9262-471D-AE73-659E356B6B1C}"
EndProject
Project("{FAE04EC0-301F-11D3-BF4B-00C04F79EFBC}") = "JoshCodes.Core", "JoshCodes.Core\JoshCodes.Core.csproj", "{39C7060E-D6FE-4B54-803A-C26BE8886DEE}"
EndProject
Global
	GlobalSection(SolutionConfigurationPlatforms) = preSolution
		Debug|Any CPU = Debug|Any CPU
		Release|Any CPU = Release|Any CPU
	EndGlobalSection
	GlobalSection(ProjectConfigurationPlatforms) = postSolution
		{E48A1411-C78F-4878-BA9B-26895EC79DC3}.Debug|Any CPU.ActiveCfg = Debug|Any CPU
		{E48A1411-C78F-4878-BA9B-26895EC79DC3}.Debug|Any CPU.Build.0 = Debug|Any CPU
		{E48A1411-C78F-4878-BA9B-26895EC79DC3}.Release|Any CPU.ActiveCfg = Release|Any CPU
		{E48A1411-C78F-4878-BA9B-26895EC79DC3}.Release|Any CPU.Build.0 = Release|Any CPU
		{8FF63D20-9262-471D-AE73-659E356B6B1C}.Debug|Any CPU.ActiveCfg = Debug|Any CPU
		{8FF63D20-9262-471D-AE73-659E356B6B1C}.Debug|Any CPU.Build.0 = Debug|Any CPU
		{8FF63D20-9262-471D-AE73-659E356B6B1C}.Release|Any CPU.ActiveCfg = Release|Any CPU
		{8FF63D20-9262-471D-AE73-659E356B6B1C}.Release|Any CPU.Build.0 = Release|Any CPU
		{39C7060E-D6FE-4B54-803A-C26BE8886DEE}.Debug|Any CPU.ActiveCfg = Debug|Any CPU
		{39C7060E-D6FE-4B54-803A-C26BE8886DEE}.Debug|Any CPU.Build.0 = Debug|Any CPU
		{39C7060E-D6FE-4B54-803A-C26BE8886DEE}.Release|Any CPU.ActiveCfg = Release|Any CPU
		{39C7060E-D6FE-4B54-803A-C26BE8886DEE}.Release|Any CPU.Build.0 = Release|Any CPU
	EndGlobalSection
	GlobalSection(SolutionProperties) = preSolution
		HideSolutionNode = FALSE
	EndGlobalSection
EndGlobal
